<Solution>
  <Folder Name="/src/">
    <Project Path="src/VodBox.Core/VodBox.Core.csproj" />
    <Project Path="src/VodBox.Infrastructure/VodBox.Infrastructure.csproj" />
    <Project Path="src/VodBox.Playback.Mpv/VodBox.Playback.Mpv.csproj" />
    <Project Path="src/VodBox.Desktop/VodBox.Desktop.csproj" />
  </Folder>
  <Folder Name="/tests/">
    <Project Path="tests/VodBox.Tests/VodBox.Tests.csproj" />
  </Folder>
</Solution>
